// !$*UTF8*$!
{
	archiveVersion = 1;
	classes = {
	};
	objectVersion = 50;
	objects = {

/* Begin PBXBuildFile section */
		B5944FAD224BDC9B00D4D65F /* AppDelegate.swift in Sources */ = {isa = PBXBuildFile; fileRef = B5944FAC224BDC9B00D4D65F /* AppDelegate.swift */; };
		B5944FAF224BDC9B00D4D65F /* ViewController.swift in Sources */ = {isa = PBXBuildFile; fileRef = B5944FAE224BDC9B00D4D65F /* ViewController.swift */; };
		B5944FB2224BDC9B00D4D65F /* Main.storyboard in Resources */ = {isa = PBXBuildFile; fileRef = B5944FB0224BDC9B00D4D65F /* Main.storyboard */; };
		B5944FB4224BDC9C00D4D65F /* Assets.xcassets in Resources */ = {isa = PBXBuildFile; fileRef = B5944FB3224BDC9C00D4D65F /* Assets.xcassets */; };
		B5944FB7224BDC9C00D4D65F /* LaunchScreen.storyboard in Resources */ = {isa = PBXBuildFile; fileRef = B5944FB5224BDC9C00D4D65F /* LaunchScreen.storyboard */; };
		B5944FBF224BDE6700D4D65F /* Product.swift in Sources */ = {isa = PBXBuildFile; fileRef = B5944FBE224BDE6700D4D65F /* Product.swift */; };
		B5944FC1224BE21500D4D65F /* BaseTableViewController.swift in Sources */ = {isa = PBXBuildFile; fileRef = B5944FC0224BE21500D4D65F /* BaseTableViewController.swift */; };
		B5944FC6224BE52F00D4D65F /* TableCell.xib in Resources */ = {isa = PBXBuildFile; fileRef = B5944FC5224BE52F00D4D65F /* TableCell.xib */; };
/* End PBXBuildFile section */

/* Begin PBXFileReference section */
		B5944FA9224BDC9B00D4D65F /* TableSearch.app */ = {isa = PBXFileReference; explicitFileType = wrapper.application; includeInIndex = 0; path = TableSearch.app; sourceTree = BUILT_PRODUCTS_DIR; };
		B5944FAC224BDC9B00D4D65F /* AppDelegate.swift */ = {isa = PBXFileReference; lastKnownFileType = sourcecode.swift; path = AppDelegate.swift; sourceTree = "<group>"; };
		B5944FAE224BDC9B00D4D65F /* ViewController.swift */ = {isa = PBXFileReference; lastKnownFileType = sourcecode.swift; path = ViewController.swift; sourceTree = "<group>"; };
		B5944FB1224BDC9B00D4D65F /* Base */ = {isa = PBXFileReference; lastKnownFileType = file.storyboard; name = Base; path = Base.lproj/Main.storyboard; sourceTree = "<group>"; };
		B5944FB3224BDC9C00D4D65F /* Assets.xcassets */ = {isa = PBXFileReference; lastKnownFileType = folder.assetcatalog; path = Assets.xcassets; sourceTree = "<group>"; };
		B5944FB6224BDC9C00D4D65F /* Base */ = {isa = PBXFileReference; lastKnownFileType = file.storyboard; name = Base; path = Base.lproj/LaunchScreen.storyboard; sourceTree = "<group>"; };
		B5944FB8224BDC9C00D4D65F /* Info.plist */ = {isa = PBXFileReference; lastKnownFileType = text.plist.xml; path = Info.plist; sourceTree = "<group>"; };
		B5944FBE224BDE6700D4D65F /* Product.swift */ = {isa = PBXFileReference; lastKnownFileType = sourcecode.swift; path = Product.swift; sourceTree = "<group>"; };
		B5944FC0224BE21500D4D65F /* BaseTableViewController.swift */ = {isa = PBXFileReference; lastKnownFileType = sourcecode.swift; path = BaseTableViewController.swift; sourceTree = "<group>"; };
		B5944FC5224BE52F00D4D65F /* TableCell.xib */ = {isa = PBXFileReference; lastKnownFileType = file.xib; path = TableCell.xib; sourceTree = "<group>"; };
/* End PBXFileReference section */

/* Begin PBXFrameworksBuildPhase section */
		B5944FA6224BDC9B00D4D65F /* Frameworks */ = {
			isa = PBXFrameworksBuildPhase;
			buildActionMask = 2147483647;
			files = (
			);
			runOnlyForDeploymentPostprocessing = 0;
		};
/* End PBXFrameworksBuildPhase section */

/* Begin PBXGroup section */
		B5944FA0224BDC9B00D4D65F = {
			isa = PBXGroup;
			children = (
				B5944FAB224BDC9B00D4D65F /* TableSearch */,
				B5944FAA224BDC9B00D4D65F /* Products */,
			);
			sourceTree = "<group>";
		};
		B5944FAA224BDC9B00D4D65F /* Products */ = {
			isa = PBXGroup;
			children = (
				B5944FA9224BDC9B00D4D65F /* TableSearch.app */,
			);
			name = Products;
			sourceTree = "<group>";
		};
		B5944FAB224BDC9B00D4D65F /* TableSearch */ = {
			isa = PBXGroup;
			children = (
				B5944FC4224BE23100D4D65F /* Model */,
				B5944FC3224BE22900D4D65F /* Views */,
				B5944FC2224BE21D00D4D65F /* Controller */,
				B5944FAC224BDC9B00D4D65F /* AppDelegate.swift */,
				B5944FAE224BDC9B00D4D65F /* ViewController.swift */,
				B5944FB0224BDC9B00D4D65F /* Main.storyboard */,
				B5944FB3224BDC9C00D4D65F /* Assets.xcassets */,
				B5944FB5224BDC9C00D4D65F /* LaunchScreen.storyboard */,
				B5944FB8224BDC9C00D4D65F /* Info.plist */,
				B5944FBE224BDE6700D4D65F /* Product.swift */,
				B5944FC0224BE21500D4D65F /* BaseTableViewController.swift */,
			);
			path = TableSearch;
			sourceTree = "<group>";
		};
		B5944FC2224BE21D00D4D65F /* Controller */ = {
			isa = PBXGroup;
			children = (
			);
			path = Controller;
			sourceTree = "<group>";
		};
		B5944FC3224BE22900D4D65F /* Views */ = {
			isa = PBXGroup;
			children = (
				B5944FC5224BE52F00D4D65F /* TableCell.xib */,
			);
			path = Views;
			sourceTree = "<group>";
		};
		B5944FC4224BE23100D4D65F /* Model */ = {
			isa = PBXGroup;
			children = (
			);
			path = Model;
			sourceTree = "<group>";
		};
/* End PBXGroup section */

/* Begin PBXNativeTarget section */
		B5944FA8224BDC9B00D4D65F /* TableSearch */ = {
			isa = PBXNativeTarget;
			buildConfigurationList = B5944FBB224BDC9C00D4D65F /* Build configuration list for PBXNativeTarget "TableSearch" */;
			buildPhases = (
				B5944FA5224BDC9B00D4D65F /* Sources */,
				B5944FA6224BDC9B00D4D65F /* Frameworks */,
				B5944FA7224BDC9B00D4D65F /* Resources */,
			);
			buildRules = (
			);
			dependencies = (
			);
			name = TableSearch;
			productName = TableSearch;
			productReference = B5944FA9224BDC9B00D4D65F /* TableSearch.app */;
			productType = "com.apple.product-type.application";
		};
/* End PBXNativeTarget section */

/* Begin PBXProject section */
		B5944FA1224BDC9B00D4D65F /* Project object */ = {
			isa = PBXProject;
			attributes = {
				LastSwiftUpdateCheck = 1020;
				LastUpgradeCheck = 1020;
				ORGANIZATIONNAME = dave76;
				TargetAttributes = {
					B5944FA8224BDC9B00D4D65F = {
						CreatedOnToolsVersion = 10.2;
					};
				};
			};
			buildConfigurationList = B5944FA4224BDC9B00D4D65F /* Build configuration list for PBXProject "TableSearch" */;
			compatibilityVersion = "Xcode 9.3";
			developmentRegion = en;
			hasScannedForEncodings = 0;
			knownRegions = (
				en,
				Base,
			);
			mainGroup = B5944FA0224BDC9B00D4D65F;
			productRefGroup = B5944FAA224BDC9B00D4D65F /* Products */;
			projectDirPath = "";
			projectRoot = "";
			targets = (
				B5944FA8224BDC9B00D4D65F /* TableSearch */,
			);
		};
/* End PBXProject section */

/* Begin PBXResourcesBuildPhase section */
		B5944FA7224BDC9B00D4D65F /* Resources */ = {
			isa = PBXResourcesBuildPhase;
			buildActionMask = 2147483647;
			files = (
				B5944FB7224BDC9C00D4D65F /* LaunchScreen.storyboard in Resources */,
				B5944FB4224BDC9C00D4D65F /* Assets.xcassets in Resources */,
				B5944FC6224BE52F00D4D65F /* TableCell.xib in Resources */,
				B5944FB2224BDC9B00D4D65F /* Main.storyboard in Resources */,
			);
			runOnlyForDeploymentPostprocessing = 0;
		};
/* End PBXResourcesBuildPhase section */

/* Begin PBXSourcesBuildPhase section */
		B5944FA5224BDC9B00D4D65F /* Sources */ = {
			isa = PBXSourcesBuildPhase;
			buildActionMask = 2147483647;
			files = (
				B5944FAF224BDC9B00D4D65F /* ViewController.swift in Sources */,
				B5944FAD224BDC9B00D4D65F /* AppDelegate.swift in Sources */,
				B5944FC1224BE21500D4D65F /* BaseTableViewController.swift in Sources */,
				B5944FBF224BDE6700D4D65F /* Product.swift in Sources */,
			);
			runOnlyForDeploymentPostprocessing = 0;
		};
/* End PBXSourcesBuildPhase section */

/* Begin PBXVariantGroup section */
		B5944FB0224BDC9B00D4D65F /* Main.storyboard */ = {
			isa = PBXVariantGroup;
			children = (
				B5944FB1224BDC9B00D4D65F /* Base */,
			);
			name = Main.storyboard;
			sourceTree = "<group>";
		};
		B5944FB5224BDC9C00D4D65F /* LaunchScreen.storyboard */ = {
			isa = PBXVariantGroup;
			children = (
				B5944FB6224BDC9C00D4D65F /* Base */,
			);
			name = LaunchScreen.storyboard;
			sourceTree = "<group>";
		};
/* End PBXVariantGroup section */

/* Begin XCBuildConfiguration section */
		B5944FB9224BDC9C00D4D65F /* Debug */ = {
			isa = XCBuildConfiguration;
			buildSettings = {
				ALWAYS_SEARCH_USER_PATHS = NO;
				CLANG_ANALYZER_NONNULL = YES;
				CLANG_ANALYZER_NUMBER_OBJECT_CONVERSION = YES_AGGRESSIVE;
				CLANG_CXX_LANGUAGE_STANDARD = "gnu++14";
				CLANG_CXX_LIBRARY = "libc++";
				CLANG_ENABLE_MODULES = YES;
				CLANG_ENABLE_OBJC_ARC = YES;
				CLANG_ENABLE_OBJC_WEAK = YES;
				CLANG_WARN_BLOCK_CAPTURE_AUTORELEASING = YES;
				CLANG_WARN_BOOL_CONVERSION = YES;
				CLANG_WARN_COMMA = YES;
				CLANG_WARN_CONSTANT_CONVERSION = YES;
				CLANG_WARN_DEPRECATED_OBJC_IMPLEMENTATIONS = YES;
				CLANG_WARN_DIRECT_OBJC_ISA_USAGE = YES_ERROR;
				CLANG_WARN_DOCUMENTATION_COMMENTS = YES;
				CLANG_WARN_EMPTY_BODY = YES;
				CLANG_WARN_ENUM_CONVERSION = YES;
				CLANG_WARN_INFINITE_RECURSION = YES;
				CLANG_WARN_INT_CONVERSION = YES;
				CLANG_WARN_NON_LITERAL_NULL_CONVERSION = YES;
				CLANG_WARN_OBJC_IMPLICIT_RETAIN_SELF = YES;
				CLANG_WARN_OBJC_LITERAL_CONVERSION = YES;
				CLANG_WARN_OBJC_ROOT_CLASS = YES_ERROR;
				CLANG_WARN_RANGE_LOOP_ANALYSIS = YES;
				CLANG_WARN_STRICT_PROTOTYPES = YES;
				CLANG_WARN_SUSPICIOUS_MOVE = YES;
				CLANG_WARN_UNGUARDED_AVAILABILITY = YES_AGGRESSIVE;
				CLANG_WARN_UNREACHABLE_CODE = YES;
				CLANG_WARN__DUPLICATE_METHOD_MATCH = YES;
				CODE_SIGN_IDENTITY = "iPhone Developer";
				COPY_PHASE_STRIP = NO;
				DEBUG_INFORMATION_FORMAT = dwarf;
				ENABLE_STRICT_OBJC_MSGSEND = YES;
				ENABLE_TESTABILITY = YES;
				GCC_C_LANGUAGE_STANDARD = gnu11;
				GCC_DYNAMIC_NO_PIC = NO;
				GCC_NO_COMMON_BLOCKS = YES;
				GCC_OPTIMIZATION_LEVEL = 0;
				GCC_PREPROCESSOR_DEFINITIONS = (
					"DEBUG=1",
					"$(inherited)",
				);
				GCC_WARN_64_TO_32_BIT_CONVERSION = YES;
				GCC_WARN_ABOUT_RETURN_TYPE = YES_ERROR;
				GCC_WARN_UNDECLARED_SELECTOR = YES;
				GCC_WARN_UNINITIALIZED_AUTOS = YES_AGGRESSIVE;
				GCC_WARN_UNUSED_FUNCTION = YES;
				GCC_WARN_UNUSED_VARIABLE = YES;
				IPHONEOS_DEPLOYMENT_TARGET = 12.2;
				MTL_ENABLE_DEBUG_INFO = INCLUDE_SOURCE;
				MTL_FAST_MATH = YES;
				ONLY_ACTIVE_ARCH = YES;
				SDKROOT = iphoneos;
				SWIFT_ACTIVE_COMPILATION_CONDITIONS = DEBUG;
				SWIFT_OPTIMIZATION_LEVEL = "-Onone";
			};
			name = Debug;
		};
		B5944FBA224BDC9C00D4D65F /* Release */ = {
			isa = XCBuildConfiguration;
			buildSettings = {
				ALWAYS_SEARCH_USER_PATHS = NO;
				CLANG_ANALYZER_NONNULL = YES;
				CLANG_ANALYZER_NUMBER_OBJECT_CONVERSION = YES_AGGRESSIVE;
				CLANG_CXX_LANGUAGE_STANDARD = "gnu++14";
				CLANG_CXX_LIBRARY = "libc++";
				CLANG_ENABLE_MODULES = YES;
				CLANG_ENABLE_OBJC_ARC = YES;
				CLANG_ENABLE_OBJC_WEAK = YES;
				CLANG_WARN_BLOCK_CAPTURE_AUTORELEASING = YES;
				CLANG_WARN_BOOL_CONVERSION = YES;
				CLANG_WARN_COMMA = YES;
				CLANG_WARN_CONSTANT_CONVERSION = YES;
				CLANG_WARN_DEPRECATED_OBJC_IMPLEMENTATIONS = YES;
				CLANG_WARN_DIRECT_OBJC_ISA_USAGE = YES_ERROR;
				CLANG_WARN_DOCUMENTATION_COMMENTS = YES;
				CLANG_WARN_EMPTY_BODY = YES;
				CLANG_WARN_ENUM_CONVERSION = YES;
				CLANG_WARN_INFINITE_RECURSION = YES;
				CLANG_WARN_INT_CONVERSION = YES;
				CLANG_WARN_NON_LITERAL_NULL_CONVERSION = YES;
				CLANG_WARN_OBJC_IMPLICIT_RETAIN_SELF = YES;
				CLANG_WARN_OBJC_LITERAL_CONVERSION = YES;
				CLANG_WARN_OBJC_ROOT_CLASS = YES_ERROR;
				CLANG_WARN_RANGE_LOOP_ANALYSIS = YES;
				CLANG_WARN_STRICT_PROTOTYPES = YES;
				CLANG_WARN_SUSPICIOUS_MOVE = YES;
				CLANG_WARN_UNGUARDED_AVAILABILITY = YES_AGGRESSIVE;
				CLANG_WARN_UNREACHABLE_CODE = YES;
				CLANG_WARN__DUPLICATE_METHOD_MATCH = YES;
				CODE_SIGN_IDENTITY = "iPhone Developer";
				COPY_PHASE_STRIP = NO;
				DEBUG_INFORMATION_FORMAT = "dwarf-with-dsym";
				ENABLE_NS_ASSERTIONS = NO;
				ENABLE_STRICT_OBJC_MSGSEND = YES;
				GCC_C_LANGUAGE_STANDARD = gnu11;
				GCC_NO_COMMON_BLOCKS = YES;
				GCC_WARN_64_TO_32_BIT_CONVERSION = YES;
				GCC_WARN_ABOUT_RETURN_TYPE = YES_ERROR;
				GCC_WARN_UNDECLARED_SELECTOR = YES;
				GCC_WARN_UNINITIALIZED_AUTOS = YES_AGGRESSIVE;
				GCC_WARN_UNUSED_FUNCTION = YES;
				GCC_WARN_UNUSED_VARIABLE = YES;
				IPHONEOS_DEPLOYMENT_TARGET = 12.2;
				MTL_ENABLE_DEBUG_INFO = NO;
				MTL_FAST_MATH = YES;
				SDKROOT = iphoneos;
				SWIFT_COMPILATION_MODE = wholemodule;
				SWIFT_OPTIMIZATION_LEVEL = "-O";
				VALIDATE_PRODUCT = YES;
			};
			name = Release;
		};
		B5944FBC224BDC9C00D4D65F /* Debug */ = {
			isa = XCBuildConfiguration;
			buildSettings = {
				ASSETCATALOG_COMPILER_APPICON_NAME = AppIcon;
				CODE_SIGN_STYLE = Automatic;
				DEVELOPMENT_TEAM = 4Z6U9FKXA9;
				INFOPLIST_FILE = TableSearch/Info.plist;
				LD_RUNPATH_SEARCH_PATHS = (
					"$(inherited)",
					"@executable_path/Frameworks",
				);
				PRODUCT_BUNDLE_IDENTIFIER = com.mobileandsmile.TableSearch;
				PRODUCT_NAME = "$(TARGET_NAME)";
				SWIFT_VERSION = 4.2;
				TARGETED_DEVICE_FAMILY = "1,2";
			};
			name = Debug;
		};
		B5944FBD224BDC9C00D4D65F /* Release */ = {
			isa = XCBuildConfiguration;
			buildSettings = {
				ASSETCATALOG_COMPILER_APPICON_NAME = AppIcon;
				CODE_SIGN_STYLE = Automatic;
				DEVELOPMENT_TEAM = 4Z6U9FKXA9;
				INFOPLIST_FILE = TableSearch/Info.plist;
				LD_RUNPATH_SEARCH_PATHS = (
					"$(inherited)",
					"@executable_path/Frameworks",
				);
				PRODUCT_BUNDLE_IDENTIFIER = com.mobileandsmile.TableSearch;
				PRODUCT_NAME = "$(TARGET_NAME)";
				SWIFT_VERSION = 4.2;
				TARGETED_DEVICE_FAMILY = "1,2";
			};
			name = Release;
		};
/* End XCBuildConfiguration section */

/* Begin XCConfigurationList section */
		B5944FA4224BDC9B00D4D65F /* Build configuration list for PBXProject "TableSearch" */ = {
			isa = XCConfigurationList;
			buildConfigurations = (
				B5944FB9224BDC9C00D4D65F /* Debug */,
				B5944FBA224BDC9C00D4D65F /* Release */,
			);
			defaultConfigurationIsVisible = 0;
			defaultConfigurationName = Release;
		};
		B5944FBB224BDC9C00D4D65F /* Build configuration list for PBXNativeTarget "TableSearch" */ = {
			isa = XCConfigurationList;
			buildConfigurations = (
				B5944FBC224BDC9C00D4D65F /* Debug */,
				B5944FBD224BDC9C00D4D65F /* Release */,
			);
			defaultConfigurationIsVisible = 0;
			defaultConfigurationName = Release;
		};
/* End XCConfigurationList section */
	};
	rootObject = B5944FA1224BDC9B00D4D65F /* Project object */;
}
